
Microsoft Visual Studio Solution File, Format Version 12.00
# Visual Studio Version 17
VisualStudioVersion = 17.13.35931.197 d17.13
MinimumVisualStudioVersion = 10.0.40219.1
Project("{FAE04EC0-301F-11D3-BF4B-00C04F79EFBC}") = "Shatably", "Shatably\Shatably.csproj", "{42E446C4-2BEA-4E20-B3E7-B5CCAAD32F63}"
EndProject
Global
	GlobalSection(SolutionConfigurationPlatforms) = preSolution
		Debug|Any CPU = Debug|Any CPU
		Release|Any CPU = Release|Any CPU
	EndGlobalSection
	GlobalSection(ProjectConfigurationPlatforms) = postSolution
		{42E446C4-2BEA-4E20-B3E7-B5CCAAD32F63}.Debug|Any CPU.ActiveCfg = Debug|Any CPU
		{42E446C4-2BEA-4E20-B3E7-B5CCAAD32F63}.Debug|Any CPU.Build.0 = Debug|Any CPU
		{42E446C4-2BEA-4E20-B3E7-B5CCAAD32F63}.Release|Any CPU.ActiveCfg = Release|Any CPU
		{42E446C4-2BEA-4E20-B3E7-B5CCAAD32F63}.Release|Any CPU.Build.0 = Release|Any CPU
	EndGlobalSection
	GlobalSection(SolutionProperties) = preSolution
		HideSolutionNode = FALSE
	EndGlobalSection
	GlobalSection(ExtensibilityGlobals) = postSolution
		SolutionGuid = {7EBC0640-A583-4C2A-BB54-F32EC29D4A6C}
	EndGlobalSection
EndGlobal
